github.com/dgrijalva/jwt-go v3.2.0+incompatible h1:7qlOGliEKZXTDg6OTjfoBKDXWrumCAMpl/TFQ4/5kLM=
github.com/dgrijalva/jwt-go v3.2.0+incompatible/go.mod h1:E3ru+11k8xSBh+hMPgOLZmtrrCbhqsmaPHjLKYnJCaQ=
github.com/go-chi/chi v3.3.3+incompatible h1:KHkmBEMNkwKuK4FdQL7N2wOeB9jnIx7jR5wsuSBEFI8=
github.com/go-chi/chi v3.3.3+incompatible/go.mod h1:eB3wogJHnLi3x/kFX2A+IbTBlXxmMeXJVKy9tTv1XzQ=
github.com/go-chi/jwtauth v3.3.0+incompatible h1:BEOEx6OueP61EfhuOTDqgroY0SYdcFsFsbY/n4f5+Kk=
github.com/go-chi/jwtauth v3.3.0+incompatible/go.mod h1:Q5EIArY/QnD6BdS+IyDw7B2m6iNbnPxtfd6/BcmtWbs=
github.com/go-sql-driver/mysql v1.4.0/go.mod h1:zAC/RDZ24gD3HViQzih4MyKcchzm+sOG5ZlKdlhCg5w=
github.com/golang/protobuf v1.2.0/go.mod h1:6lQm79b+lXiMfvg/cZm0SGofjICqVBUtrP5yJMmIC1U=
github.com/jmoiron/sqlx v1.2.0 h1:41Ip0zITnmWNR/vHV+S4m+VoUivnWY5E4OJfLZjCJMA=
github.com/jmoiron/sqlx v1.2.0/go.mod h1:1FEQNm3xlJgrMD+FBdI9+xvCksHtbpVBBw5dYhBSsks=
github.com/kwo/exodus v1.0.0 h1:VkCTPk2/v8/PxOkI+gB892isdd9ttlkXMdkyF/wgoLk=
github.com/kwo/exodus v1.0.0/go.mod h1:z1Al9A8L4suITe+X3y9ImuBvGE+rk83ov5yPCou2oms=
github.com/lib/pq v1.0.0 h1:X5PMW56eZitiTeO7tKzZxFCSpbFZJtkMMooicw2us9A=
github.com/lib/pq v1.0.0/go.mod h1:5WUZQaWbwv1U+lTReE5YruASi9Al49XbQIvNi/34Woo=
github.com/mattn/go-sqlite3 v1.9.0/go.mod h1:FPy6KqzDD04eiIsT53CuJW3U88zkxoIYsOqkbpncsNc=
github.com/rs/xid v1.2.1 h1:mhH9Nq+C1fY2l1XIpgxIiUOfNpRBYH1kKcr+qfKgjRc=
github.com/rs/xid v1.2.1/go.mod h1:+uKXf+4Djp6Md1KODXJxgGQPKngRmWyn10oCKFzNHOQ=
github.com/rs/zerolog v1.9.1 h1:AjV/SFRF0+gEa6rSjkh0Eji/DnkrJKVpPho6SW5g4mU=
github.com/rs/zerolog v1.9.1/go.mod h1:YbFCdg8HfsridGWAh22vktObvhZbQsZXe4/zB0OKkWU=
github.com/rubenv/sql-migrate v0.0.0-20190212093014-1007f53448d7 h1:ID2fzWzRFJcF/xf/8eLN9GW5CXb6NQnKfC+ksTwMNpY=
github.com/rubenv/sql-migrate v0.0.0-20190212093014-1007f53448d7/go.mod h1:WS0rl9eEliYI8DPnr3TOwz4439pay+qNgzJoVya/DmY=
github.com/satori/go.uuid v1.2.0 h1:0uYX9dsZ2yD7q2RtLRtPSdGDWzjeM3TbMJP9utgA0ww=
github.com/satori/go.uuid v1.2.0/go.mod h1:dA0hQrYB0VpLJoorglMZABFdXlWrHn1NEOzdhQKdks0=
github.com/urfave/cli v1.20.1-0.20180821064027-934abfb2f102 h1:XZusSml6UyCoSyEei/z5tpXFkDs+13hzW4+edSm5YNk=
github.com/urfave/cli v1.20.1-0.20180821064027-934abfb2f102/go.mod h1:70zkFmudgCuE/ngEzBv17Jvp/497gISqfk5gWijbERA=
golang.org/x/crypto v0.0.0-20181030102418-4d3f4d9ffa16 h1:y6ce7gCWtnH+m3dCjzQ1PCuwl28DDIc3VNnvY29DlIA=
golang.org/x/crypto v0.0.0-20181030102418-4d3f4d9ffa16/go.mod h1:6SG95UA2DQfeDnfUPMdvaQW0Q7yPrPDi9nlGo2tz2b4=
golang.org/x/net v0.0.0-20180724234803-3673e40ba225/go.mod h1:mL1N/T3taQHkDXs73rZJwtUhF3w3ftmwwsq0BUmARs4=
golang.org/x/net v0.0.0-20180926154720-4dfa2610cdf3/go.mod h1:mL1N/T3taQHkDXs73rZJwtUhF3w3ftmwwsq0BUmARs4=
golang.org/x/text v0.3.0/go.mod h1:NqM8EUOU14njkJ3fqMW+pc6Ldnwhi/IjpwHt7yyuwOQ=
google.golang.org/appengine v1.3.0/go.mod h1:xpcJRLb0r/rnEns0DIKYYv+WjYCduHsrkT7/EB5XEv4=
gopkg.in/gorp.v1 v1.7.2 h1:j3DWlAyGVv8whO7AcIWznQ2Yj7yJkn34B8s63GViAAw=
gopkg.in/gorp.v1 v1.7.2/go.mod h1:Wo3h+DBQZIxATwftsglhdD/62zRFPhGhTiu5jUJmCaw=
